
Microsoft Visual Studio Solution File, Format Version 12.00
# Visual Studio Version 17
VisualStudioVersion = 17.4.33122.133
MinimumVisualStudioVersion = 10.0.40219.1
Project("{8BC9CEB8-8B4A-11D0-8D11-00A0C91BC942}") = "Iris", "Iris\Iris.vcxproj", "{F682026D-F98B-42B1-A5F2-0FCA7B5E0913}"
EndProject
Global
	GlobalSection(SolutionConfigurationPlatforms) = preSolution
		Debug|Any CPU = Debug|Any CPU
		Debug|x64 = Debug|x64
		Debug|x86 = Debug|x86
		Public|Any CPU = Public|Any CPU
		Public|x64 = Public|x64
		Public|x86 = Public|x86
		Release|Any CPU = Release|Any CPU
		Release|x64 = Release|x64
		Release|x86 = Release|x86
	EndGlobalSection
	GlobalSection(ProjectConfigurationPlatforms) = postSolution
		{F682026D-F98B-42B1-A5F2-0FCA7B5E0913}.Debug|Any CPU.ActiveCfg = Debug|x64
		{F682026D-F98B-42B1-A5F2-0FCA7B5E0913}.Debug|Any CPU.Build.0 = Debug|x64
		{F682026D-F98B-42B1-A5F2-0FCA7B5E0913}.Debug|x64.ActiveCfg = Debug|x64
		{F682026D-F98B-42B1-A5F2-0FCA7B5E0913}.Debug|x64.Build.0 = Debug|x64
		{F682026D-F98B-42B1-A5F2-0FCA7B5E0913}.Debug|x86.ActiveCfg = Debug|x64
		{F682026D-F98B-42B1-A5F2-0FCA7B5E0913}.Public|Any CPU.ActiveCfg = Public|x64
		{F682026D-F98B-42B1-A5F2-0FCA7B5E0913}.Public|Any CPU.Build.0 = Public|x64
		{F682026D-F98B-42B1-A5F2-0FCA7B5E0913}.Public|x64.ActiveCfg = Public|x64
		{F682026D-F98B-42B1-A5F2-0FCA7B5E0913}.Public|x64.Build.0 = Public|x64
		{F682026D-F98B-42B1-A5F2-0FCA7B5E0913}.Public|x86.ActiveCfg = Public|x64
		{F682026D-F98B-42B1-A5F2-0FCA7B5E0913}.Public|x86.Build.0 = Public|x64
		{F682026D-F98B-42B1-A5F2-0FCA7B5E0913}.Release|Any CPU.ActiveCfg = Release|x64
		{F682026D-F98B-42B1-A5F2-0FCA7B5E0913}.Release|Any CPU.Build.0 = Release|x64
		{F682026D-F98B-42B1-A5F2-0FCA7B5E0913}.Release|x64.ActiveCfg = Release|x64
		{F682026D-F98B-42B1-A5F2-0FCA7B5E0913}.Release|x64.Build.0 = Release|x64
		{F682026D-F98B-42B1-A5F2-0FCA7B5E0913}.Release|x86.ActiveCfg = Release|x64
	EndGlobalSection
	GlobalSection(SolutionProperties) = preSolution
		HideSolutionNode = FALSE
	EndGlobalSection
	GlobalSection(ExtensibilityGlobals) = postSolution
		SolutionGuid = {F8AA00BA-32F4-4E54-BC1A-42ED8C5C477E}
	EndGlobalSection
EndGlobal
