<?xml version="1.0" encoding="utf-8"?>
<Project ToolsVersion="4.0" xmlns="http://schemas.microsoft.com/developer/msbuild/2003">
  <ItemGroup>
    <ClCompile Include="dllmain.cpp" />
    <ClCompile Include="Libs\minhook\buffer.c" />
    <ClCompile Include="Libs\minhook\hde\hde32.c" />
    <ClCompile Include="Libs\minhook\hde\hde64.c" />
    <ClCompile Include="Libs\minhook\hook.c" />
    <ClCompile Include="Libs\minhook\trampoline.c" />
    <ClCompile Include="Util\Render\Image\GifUtil.cpp" />
    <ClCompile Include="Libs\imgui\imgui.cpp" />
    <ClCompile Include="Libs\imgui\imgui_demo.cpp" />
    <ClCompile Include="Libs\imgui\imgui_draw.cpp" />
    <ClCompile Include="Libs\imgui\imgui_impl_dx11.cpp" />
    <ClCompile Include="Libs\imgui\imgui_impl_dx12.cpp" />
    <ClCompile Include="Libs\imgui\imgui_impl_win32.cpp" />
    <ClCompile Include="Libs\imgui\imgui_tables.cpp" />
    <ClCompile Include="Libs\imgui\imgui_widgets.cpp" />
    <ClCompile Include="Libs\kiero\kiero.cpp" />
  </ItemGroup>
  <ItemGroup>
    <ClInclude Include="Command\Command.h" />
    <ClInclude Include="Command\CommandManager.h" />
    <ClInclude Include="Command\Commands\BindCommand.h" />
    <ClInclude Include="Command\Commands\ClearChatCommand.h" />
    <ClInclude Include="Command\Commands\CommandsCommand.h" />
    <ClInclude Include="Command\Commands\TeleportCommand.h" />
    <ClInclude Include="Command\Commands\TopCommand.h" />
    <ClInclude Include="Libs\minhook\buffer.h" />
    <ClInclude Include="Libs\minhook\hde\hde32.h" />
    <ClInclude Include="Libs\minhook\hde\hde64.h" />
    <ClInclude Include="Libs\minhook\hde\pstdint.h" />
    <ClInclude Include="Libs\minhook\hde\table32.h" />
    <ClInclude Include="Libs\minhook\hde\table64.h" />
    <ClInclude Include="Libs\minhook\minhook.h" />
    <ClInclude Include="Libs\minhook\trampoline.h" />
    <ClInclude Include="SDK\GameCore\Globals.h" />
    <ClInclude Include="Module\Modules\Miscellaneous\Franky.h" />
    <ClInclude Include="Module\Modules\World\Fucker.h" />
    <ClInclude Include="SDK\GameCore\BlockRegistry.h" />
    <ClInclude Include="SDK\Event\Events.h" />
    <ClInclude Include="SDK\Event\Events\ActorTick.h" />
    <ClInclude Include="SDK\Event\Events\ContainerTickEvent.h" />
    <ClInclude Include="SDK\Event\Events\GetPickRangeEvent.h" />
    <ClInclude Include="SDK\Event\Events\HurtcamEvent.h" />
    <ClInclude Include="SDK\Event\Events\KeyboardEvent.h" />
    <ClInclude Include="SDK\Event\Events\LerpMotionEvent.h" />
    <ClInclude Include="SDK\Event\Events\MouseEvent.h" />
    <ClInclude Include="SDK\Event\Events\MouseScrollEvent.h" />
    <ClInclude Include="SDK\Event\Events\ViewBobTickEvent.h" />
    <ClInclude Include="Hook\FuncHook.h" />
    <ClInclude Include="Hook\Hooks\SwingHook.h" />
    <ClInclude Include="Hook\Hooks\ContainerTickHook.h" />
    <ClInclude Include="Hook\Hooks\HurtcamHook.h" />
    <ClInclude Include="Hook\Hooks\LerpMotion.h" />
    <ClInclude Include="Hook\Hooks\SendChatMessage.h" />
    <ClInclude Include="Hook\Hooks\Unused\UIControl.h" />
    <ClInclude Include="Hook\Hooks\Keymap\KeymapHook.h" />
    <ClInclude Include="Hook\Hooks\RenderContext\RenderContextHook.h" />
    <ClInclude Include="Hook\Hooks\SplashHook.h" />
    <ClInclude Include="Hook\Hooks\ViewBobbingHook.h" />
    <ClInclude Include="SDK\GameCore\Components\AABBShapeComponent.h" />
    <ClInclude Include="SDK\GameCore\Components\MovementInterpolatorComponent.h" />
    <ClInclude Include="SDK\GameCore\Components\StateVectorComponent.h" />
    <ClInclude Include="SDK\GameCore\Math\AABB.h" />
    <ClInclude Include="SDK\GameCore\Math\CaretMeasureData.h" />
    <ClInclude Include="SDK\GameCore\Math\Math.h" />
    <ClInclude Include="SDK\GameCore\Math\Keys.h" />
    <ClInclude Include="SDK\GameCore\Math\MCTextFormat.h" />
    <ClInclude Include="SDK\GameCore\Math\TextInput.h" />
    <ClInclude Include="SDK\GameCore\Math\UIColor.h" />
    <ClInclude Include="SDK\GameCore\Math\Vector2.h" />
    <ClInclude Include="SDK\GameCore\Math\Vector3.h" />
    <ClInclude Include="SDK\GameCore\Math\Vector4.h" />
    <ClInclude Include="Util\MemoryUtils.h" />
    <ClInclude Include="SDK\GameCore\Packet\Packet.h" />
    <ClInclude Include="SDK\Memory\Packet\Packets\TextPacket.h" />
    <ClInclude Include="SDK\GameCore\Game\ClientInstance\Actor\Actor.h" />
    <ClInclude Include="SDK\GameCore\Game\ClientInstance\BlockSource\Block.h" />
    <ClInclude Include="SDK\GameCore\Game\ClientInstance\BlockSource\BlockSource.h" />
    <ClInclude Include="SDK\GameCore\Game\ClientInstance\ClientInstance.h" />
    <ClInclude Include="SDK\GameCore\Game\ContainerScreenController\ContainerScreenController.h" />
    <ClInclude Include="SDK\GameCore\Game\GameMode\GameMode.h" />
    <ClInclude Include="SDK\GameCore\Game\ClientInstance\GuiData.h" />
    <ClInclude Include="SDK\GameCore\Game\ClientInstance\Minecraft.h" />
    <ClInclude Include="SDK\GameCore\Game\ClientInstance\MinecraftGame.h" />
    <ClInclude Include="SDK\GameCore\Game\MinecraftUIRenderContext\MinecraftUIRenderContext.h" />
    <ClInclude Include="SDK\GameCore\Game\SplashJob.h" />
    <ClInclude Include="SDK\GameCore\Struct\TextHolder.h" />
    <ClInclude Include="SDK\GameCore\Struct\Texture2D.h" />
    <ClInclude Include="SDK\GameCore\Struct\UIControl.h" />
    <ClInclude Include="SDK\GameCore\Game\MinecraftUIRenderContext\UIScene.h" />
    <ClInclude Include="Module\Modules\Combat\Hitbox.h" />
    <ClInclude Include="Module\Modules\Combat\Tpaura.h" />
    <ClInclude Include="Module\Modules\Movement\FastStop.h" />
    <ClInclude Include="Module\Modules\Movement\Flight.h" />
    <ClInclude Include="Module\Modules\Movement\Speed.h" />
    <ClInclude Include="Module\Modules\World\AirStuck.h" />
    <ClInclude Include="Module\Modules\Player\ChestStealer.h" />
    <ClInclude Include="Module\Modules\Player\Phase.h" />
    <ClInclude Include="Module\Modules\Player\Velocity.h" />
    <ClInclude Include="Module\Modules\Combat\Reach.h" />
    <ClInclude Include="Module\Modules\Player\BlockReach.h" />
    <ClInclude Include="Module\Modules\Combat\Killaura.h" />
    <ClInclude Include="Module\Modules\Visual\Animations.h" />
    <ClInclude Include="Module\Modules\Visual\ItemModel.h" />
    <ClInclude Include="Module\Modules\Visual\NoHurtcam.h" />
    <ClInclude Include="Module\Modules\World\Nuker.h" />
    <ClInclude Include="Module\Setting.h" />
    <ClInclude Include="Module\Module.h" />
    <ClInclude Include="Module\ModuleHandler.h" />
    <ClInclude Include="NonHookAddresses.h" />
    <ClInclude Include="Notification\Notification.h" />
    <ClInclude Include="Notification\NotificationBase.h" />
    <ClInclude Include="Util\Chat\ChatUtil.h" />
    <ClInclude Include="Warnings.h" />
    <ClInclude Include="Util\Base64\Base64Util.h" />
    <ClInclude Include="Util\Network\HWIDUtil.h" />
    <ClInclude Include="Util\Network\NetworkUtil.h" />
    <ClInclude Include="Util\Player\MoveUtil.h" />
    <ClInclude Include="Util\Render\EasingUtil.h" />
    <ClInclude Include="Util\Render\ColorUtil.h" />
    <ClInclude Include="Util\Render\RenderUtil.h" />
    <ClInclude Include="Util\Time\TimeUtil.h" />
    <ClInclude Include="Util\Util.h" />
    <ClInclude Include="Command\Commands\ClientNameCommand.h" />
    <ClInclude Include="Module\Modules\Visual\Changelog.h" />
    <ClInclude Include="Module\Modules\System\LayoutEditor.h" />
    <ClInclude Include="Module\Modules\World\Timer.h" />
    <ClInclude Include="Module\Modules\World\Scaffold.h" />
    <ClInclude Include="Module\Modules\Movement\AutoSprint.h" />
    <ClInclude Include="Module\Modules\Visual\ArrayList.h" />
    <ClInclude Include="Module\Modules\Visual\Hud.h" />
    <ClInclude Include="Module\Modules\Visual\Watermark.h" />
    <ClInclude Include="Module\Modules\Player\ChestDumper.h" />
    <ClInclude Include="SDK\GameCore\Game\ClientInstance\Actor\Inventory\Inventory.h" />
    <ClInclude Include="Command\Commands\UnbindAllCommand.h" />
    <ClInclude Include="Command\Commands\ClientThemeCommand.h" />
    <ClInclude Include="Util\Render\ParticleUtil.h" />
    <ClInclude Include="Module\Modules\Visual\ESP.h" />
    <ClInclude Include="SDK\GameCore\Game\ClientInstance\Actor\EntityContext\EntityContext.h" />
    <ClInclude Include="SDK\GameCore\Struct\GLMatrix.h" />
    <ClInclude Include="SDK\GameCore\Game\ClientInstance\LevelRender.h" />
    <ClInclude Include="Module\Modules\Player\AntiAFK.h" />
    <ClInclude Include="SDK\Event\Events\BeforeUpdateEvent.h" />
    <ClInclude Include="Module\Modules\Player\TrueJesus.h" />
    <ClInclude Include="Hook\Hooks\Unused\GammaTick.h" />
    <ClInclude Include="Module\Modules\Visual\OreSense.h" />
    <ClInclude Include="Module\Modules\Miscellaneous\CosmoCrasher.h" />
    <ClInclude Include="SDK\GameCore\Game\ClientInstance\Actor\Level.h" />
    <ClInclude Include="Module\Modules\Miscellaneous\ClickTP.h" />
    <ClInclude Include="Module\Modules\Visual\Outline.h" />
    <ClInclude Include="SDK\GameCore\Game\ClientInstance\Actor\DirectPlayerMovementProxy.h" />
    <ClInclude Include="Module\Modules\Player\AirJump.h" />
    <ClInclude Include="Module\Modules\Player\InventoryMove.h" />
    <ClInclude Include="Module\Modules\Movement\ReverseStep.h" />
    <ClInclude Include="Module\Modules\Miscellaneous\NoFall.h" />
    <ClInclude Include="Module\Modules\Movement\NoWeb.h" />
    <ClInclude Include="SDK\GameInput.h" />
    <ClInclude Include="Command\Commands\MoveBindCommand.h" />
    <ClInclude Include="Module\Modules\Movement\AntiVoid.h" />
    <ClInclude Include="Module\Modules\Combat\Criticals.h" />
    <ClInclude Include="Util\Render\3DRenderUtil.h" />
    <ClInclude Include="Util\Render\Image\GifUtil.h" />
    <ClInclude Include="Util\Render\Image\PngUtil.h" />
    <ClInclude Include="Module\Modules\Visual\ViewBob.h" />
    <ClInclude Include="SDK\GameCore\Game\MinecraftUIRenderContext\ScreenContext\Tessellator\Tessellator.h" />
    <ClInclude Include="Hook\Hooks\FieldHook.h" />
    <ClInclude Include="Module\Modules\Miscellaneous\TestModule.h" />
    <ClInclude Include="Module\Modules\Visual\Zoom.h" />
    <ClInclude Include="Module\Modules\Miscellaneous\Disabler.h" />
    <ClInclude Include="SDK\Event\Events\BlockContinuePlaceEvent.h" />
    <ClInclude Include="SDK\Event\Events\BlockStopPlaceEvent.h" />
    <ClInclude Include="SDK\Event\Events\BlockPlaceEvent.h" />
    <ClInclude Include="SDK\Event\Events\GameModeTickEvent.h" />
    <ClInclude Include="SDK\Event\Events\PacketSendingEvent.h" />
    <ClInclude Include="SDK\GameCore\Game\ClientInstance\LoopbackPacketSender.h" />
    <ClInclude Include="..\iris config\Iris\Command\Commands\ConfigCommand.h" />
    <ClInclude Include="Command\Commands\ConfigCommand.h" />
    <ClInclude Include="Module\Modules\System\LifeboatTickAction.h" />
    <ClInclude Include="Command\Commands\FriendCommand.h" />
    <ClInclude Include="Command\Commands\PlayerTeleportCommand.h" />
    <ClInclude Include="Module\Modules\System\ClientTick.h" />
    <ClInclude Include="SDK\GameCore\Packet\Packets\MovePlayerPacket\MovePlayerPacket.h" />
    <ClInclude Include="SDK\GameCore\Packet\Packets\MovePlayerPacket\MovePacketMode.h" />
    <ClInclude Include="SDK\GameCore\Packet\Packets\MovePlayerPacket\MovePacketCause.h" />
    <ClInclude Include="SDK\GameCore\Packet\Packets\PlayerAuthInputPacket\PlayerAuthInputPacket.h" />
    <ClInclude Include="SDK\GameCore\Packet\Packets\PlayerAuthInputPacket\InputFlag.h" />
    <ClInclude Include="SDK\GameCore\Packet\Packets\PlayerAuthInputPacket\PlayerBlockAction.h" />
    <ClInclude Include="SDK\GameCore\Packet\Packets\LevelSoundEventPacket\LevelSoundEventPacket.h" />
    <ClInclude Include="SDK\GameCore\Packet\Packets\LevelSoundEventPacket\SoundType.h" />
    <ClInclude Include="Module\Modules\World\SoundPlayer.h" />
    <ClInclude Include="Module\Modules\World\Blink.h" />
    <ClInclude Include="Module\Modules\Miscellaneous\InstaBreak.h" />
    <ClInclude Include="SDK\GameCore\Game\MinecraftUIRenderContext\ScreenContext\ScreenContext.h" />
    <ClInclude Include="SDK\GameCore\Game\MinecraftUIRenderContext\TextMeasureData.h" />
    <ClInclude Include="SDK\GameCore\Game\ClientInstance\BlockSource\MaterialType.h" />
    <ClInclude Include="SDK\GameCore\Game\ClientInstance\BlockSource\Material.h" />
    <ClInclude Include="SDK\GameCore\Game\ClientInstance\BlockSource\BlockLegacy.h" />
    <ClInclude Include="SDK\GameCore\Game\GameMode\Placement.h" />
    <ClInclude Include="SDK\GameCore\Game\ContainerScreenController\Containers.h" />
    <ClInclude Include="SDK\GameCore\Game\MinecraftUIRenderContext\ScreenView\ScreenView.h" />
    <ClInclude Include="SDK\GameCore\Game\MinecraftUIRenderContext\ScreenView\TreeView.h" />
    <ClInclude Include="SDK\GameCore\Game\MinecraftUIRenderContext\ScreenView\RootUIControl.h" />
    <ClInclude Include="SDK\GameCore\Game\ClientInstance\Actor\EntityContext\EntityId.h" />
    <ClInclude Include="SDK\GameCore\Game\ClientInstance\Actor\Inventory\Item.h" />
    <ClInclude Include="SDK\GameCore\Game\ClientInstance\Actor\Inventory\ItemStack.h" />
    <ClInclude Include="SDK\GameCore\Game\MinecraftUIRenderContext\ScreenContext\Tessellator\VertextFormat.h" />
    <ClInclude Include="SDK\GameCore\Game\MinecraftUIRenderContext\ScreenContext\Tessellator\MaterialPtr.h" />
    <ClInclude Include="SDK\GameCore\Game\MinecraftUIRenderContext\ScreenView\UILayer.h" />
    <ClInclude Include="SDK\Event\Events\LayerUpdateEvent.h" />
    <ClInclude Include="SDK\MCUI\MCUI.h" />
    <ClInclude Include="Module\Modules\Visual\Nametags.h" />
    <ClInclude Include="Module\Modules\Visual\WorldBorder.h" />
    <ClInclude Include="Module\Modules\World\NoPacket.h" />
    <ClInclude Include="Command\Commands\ToCommand.h" />
    <ClInclude Include="Command\Commands\OreSenseCommand.h" />
    <ClInclude Include="Command\Commands\DiscordCommand.h" />
    <ClInclude Include="SDK\GameCore\Packet\Packets\NetworkStackLatencyPacket\NetworkStackLatencyPacket.h" />
    <ClInclude Include="Command\Commands\TestCommand.h" />
    <ClInclude Include="Hook\Hooks\RenderContext\DrawTextHook.h" />
    <ClInclude Include="Hook\Hooks\RenderContext\DrawImageHook.h" />
    <ClInclude Include="Hook\Hooks\RenderContext\NinesliceHook.h" />
    <ClInclude Include="Hook\Hooks\RenderContext\UISceneRenderHook.h" />
    <ClInclude Include="Hook\Hooks\RenderContext\SendToServerHook.h" />
    <ClInclude Include="Hook\Hooks\Keymap\MouseHook.h" />
    <ClInclude Include="Module\Modules\Player\Freecam.h" />
    <ClInclude Include="Module\Modules\Player\Spider.h" />
    <ClInclude Include="Module\Modules\Player\Glide.h" />
    <ClInclude Include="Command\Commands\DebuggerCommand.h" />
    <ClInclude Include="Command\Commands\ExpCommand.h" />
    <ClInclude Include="Command\Commands\LevelCommand.h" />
    <ClInclude Include="Module\Modules\Miscellaneous\ClientSidedUI.h" />
    <ClInclude Include="SDK\GameCore\Packet\Packets\InteractPacket\InteractPacket.h" />
    <ClInclude Include="SDK\GameCore\Packet\Packets\InteractPacket\Action.h" />
    <ClInclude Include="SDK\GameCore\Packet\Packets\CommandRequestPacket\CommandRequestPacket.h" />
    <ClInclude Include="SDK\GameCore\Packet\Packets\CommandRequestPacket\CommandOrigin.h" />
    <ClInclude Include="SDK\GameCore\Packet\Packets\CommandRequestPacket\G_UUID.h" />
    <ClInclude Include="Libs\imgui\imconfig.h" />
    <ClInclude Include="Libs\imgui\imgui.h" />
    <ClInclude Include="Libs\imgui\imgui_impl_dx11.h" />
    <ClInclude Include="Libs\imgui\imgui_impl_dx12.h" />
    <ClInclude Include="Libs\imgui\imgui_impl_win32.h" />
    <ClInclude Include="Libs\imgui\imgui_internal.h" />
    <ClInclude Include="Libs\imgui\imstb_rectpack.h" />
    <ClInclude Include="Libs\imgui\imstb_textedit.h" />
    <ClInclude Include="Libs\imgui\imstb_truetype.h" />
    <ClInclude Include="Libs\kiero\kiero.h" />
    <ClInclude Include="Hook\Hooks\DirectX\DirectXHook.h" />
    <ClInclude Include="SDK\Event\Events\ImGUIRenderEvent.h" />
    <ClInclude Include="Util\Render\ImRenderUtil.h" />
    <ClInclude Include="Util\Render\Image\stb_image.h" />
    <ClInclude Include="Hook\Hooks\onUpdateHook.h" />
    <ClInclude Include="SDK\Event\Events\onUpdateEvent.h" />
    <ClInclude Include="SDK\Event\Events\UpdateEvent.h" />
    <ClInclude Include="Util\GUI\IrisGUI.h" />
    <ClInclude Include="Module\Modules\Visual\ClickGUI.h" />
    <ClInclude Include="Module\Modules\Visual\ClickGUI\ClickGUI.h" />
    <ClInclude Include="Module\Modules\Visual\ClickGUI\ClickGUIManager.h" />
    <ClInclude Include="Module\Modules\Visual\ClickGUI\IrisGUI.h" />
    <ClInclude Include="Module\Modules\Visual\ClickGUI\ChronosGUI.h" />
    <ClInclude Include="SDK\GameCore\Packet\Packets\MobEquipmentPacket\MobEquipmentPacket.h" />
    <ClInclude Include="SDK\GameCore\Game\ClientInstance\MoveInputHandler.h" />
    <ClInclude Include="SDK\GameCore\Game\ClientInstance\Actor\InventoryTransaction.h" />
    <ClInclude Include="Module\Modules\Visual\ClickGUI\ModernGUI.h" />
    <ClInclude Include="SDK\GameCore\Components\Components.h" />
    <ClInclude Include="Libs\json.hpp" />
    <ClInclude Include="Libs\xorstr.hpp" />
    <ClInclude Include="Hook\Hooks\RakPeer\RakPeerHooks.h" />
    <ClInclude Include="Module\Modules\Miscellaneous\NetSkip.h" />
    <ClInclude Include="Hook\Hooks\Camera\CameraHooks.h" />
  </ItemGroup>
</Project>